// !$*UTF8*$!
{
	archiveVersion = 1;
	classes = {
	};
	objectVersion = 48;
	objects = {

/* Begin PBXBuildFile section */
		189C4AE11FF56FAD0015FFD2 /* AppDelegate.swift in Sources */ = {isa = PBXBuildFile; fileRef = 189C4AE01FF56FAD0015FFD2 /* AppDelegate.swift */; };
		189C4AE31FF56FAD0015FFD2 /* ViewController.swift in Sources */ = {isa = PBXBuildFile; fileRef = 189C4AE21FF56FAD0015FFD2 /* ViewController.swift */; };
		189C4AE61FF56FAD0015FFD2 /* Main.storyboard in Resources */ = {isa = PBXBuildFile; fileRef = 189C4AE41FF56FAD0015FFD2 /* Main.storyboard */; };
		189C4AE81FF56FAD0015FFD2 /* Assets.xcassets in Resources */ = {isa = PBXBuildFile; fileRef = 189C4AE71FF56FAD0015FFD2 /* Assets.xcassets */; };
		189C4AEB1FF56FAD0015FFD2 /* LaunchScreen.storyboard in Resources */ = {isa = PBXBuildFile; fileRef = 189C4AE91FF56FAD0015FFD2 /* LaunchScreen.storyboard */; };
		189C4AF61FF56FAD0015FFD2 /* Tip_CalculatorTests.swift in Sources */ = {isa = PBXBuildFile; fileRef = 189C4AF51FF56FAD0015FFD2 /* Tip_CalculatorTests.swift */; };
		189C4B011FF56FAD0015FFD2 /* Tip_CalculatorUITests.swift in Sources */ = {isa = PBXBuildFile; fileRef = 189C4B001FF56FAD0015FFD2 /* Tip_CalculatorUITests.swift */; };
/* End PBXBuildFile section */

/* Begin PBXContainerItemProxy section */
		189C4AF21FF56FAD0015FFD2 /* PBXContainerItemProxy */ = {
			isa = PBXContainerItemProxy;
			containerPortal = 189C4AD51FF56FAD0015FFD2 /* Project object */;
			proxyType = 1;
			remoteGlobalIDString = 189C4ADC1FF56FAD0015FFD2;
			remoteInfo = "Tip Calculator";
		};
		189C4AFD1FF56FAD0015FFD2 /* PBXContainerItemProxy */ = {
			isa = PBXContainerItemProxy;
			containerPortal = 189C4AD51FF56FAD0015FFD2 /* Project object */;
			proxyType = 1;
			remoteGlobalIDString = 189C4ADC1FF56FAD0015FFD2;
			remoteInfo = "Tip Calculator";
		};
/* End PBXContainerItemProxy section */

/* Begin PBXFileReference section */
		189C4ADD1FF56FAD0015FFD2 /* Tip Calculator.app */ = {isa = PBXFileReference; explicitFileType = wrapper.application; includeInIndex = 0; path = "Tip Calculator.app"; sourceTree = BUILT_PRODUCTS_DIR; };
		189C4AE01FF56FAD0015FFD2 /* AppDelegate.swift */ = {isa = PBXFileReference; lastKnownFileType = sourcecode.swift; path = AppDelegate.swift; sourceTree = "<group>"; };
		189C4AE21FF56FAD0015FFD2 /* ViewController.swift */ = {isa = PBXFileReference; lastKnownFileType = sourcecode.swift; path = ViewController.swift; sourceTree = "<group>"; };
		189C4AE51FF56FAD0015FFD2 /* Base */ = {isa = PBXFileReference; lastKnownFileType = file.storyboard; name = Base; path = Base.lproj/Main.storyboard; sourceTree = "<group>"; };
		189C4AE71FF56FAD0015FFD2 /* Assets.xcassets */ = {isa = PBXFileReference; lastKnownFileType = folder.assetcatalog; path = Assets.xcassets; sourceTree = "<group>"; };
		189C4AEA1FF56FAD0015FFD2 /* Base */ = {isa = PBXFileReference; lastKnownFileType = file.storyboard; name = Base; path = Base.lproj/LaunchScreen.storyboard; sourceTree = "<group>"; };
		189C4AEC1FF56FAD0015FFD2 /* Info.plist */ = {isa = PBXFileReference; lastKnownFileType = text.plist.xml; path = Info.plist; sourceTree = "<group>"; };
		189C4AF11FF56FAD0015FFD2 /* Tip CalculatorTests.xctest */ = {isa = PBXFileReference; explicitFileType = wrapper.cfbundle; includeInIndex = 0; path = "Tip CalculatorTests.xctest"; sourceTree = BUILT_PRODUCTS_DIR; };
		189C4AF51FF56FAD0015FFD2 /* Tip_CalculatorTests.swift */ = {isa = PBXFileReference; lastKnownFileType = sourcecode.swift; path = Tip_CalculatorTests.swift; sourceTree = "<group>"; };
		189C4AF71FF56FAD0015FFD2 /* Info.plist */ = {isa = PBXFileReference; lastKnownFileType = text.plist.xml; path = Info.plist; sourceTree = "<group>"; };
		189C4AFC1FF56FAD0015FFD2 /* Tip CalculatorUITests.xctest */ = {isa = PBXFileReference; explicitFileType = wrapper.cfbundle; includeInIndex = 0; path = "Tip CalculatorUITests.xctest"; sourceTree = BUILT_PRODUCTS_DIR; };
		189C4B001FF56FAD0015FFD2 /* Tip_CalculatorUITests.swift */ = {isa = PBXFileReference; lastKnownFileType = sourcecode.swift; path = Tip_CalculatorUITests.swift; sourceTree = "<group>"; };
		189C4B021FF56FAD0015FFD2 /* Info.plist */ = {isa = PBXFileReference; lastKnownFileType = text.plist.xml; path = Info.plist; sourceTree = "<group>"; };
/* End PBXFileReference section */

/* Begin PBXFrameworksBuildPhase section */
		189C4ADA1FF56FAD0015FFD2 /* Frameworks */ = {
			isa = PBXFrameworksBuildPhase;
			buildActionMask = 2147483647;
			files = (
			);
			runOnlyForDeploymentPostprocessing = 0;
		};
		189C4AEE1FF56FAD0015FFD2 /* Frameworks */ = {
			isa = PBXFrameworksBuildPhase;
			buildActionMask = 2147483647;
			files = (
			);
			runOnlyForDeploymentPostprocessing = 0;
		};
		189C4AF91FF56FAD0015FFD2 /* Frameworks */ = {
			isa = PBXFrameworksBuildPhase;
			buildActionMask = 2147483647;
			files = (
			);
			runOnlyForDeploymentPostprocessing = 0;
		};
/* End PBXFrameworksBuildPhase section */

/* Begin PBXGroup section */
		189C4AD41FF56FAD0015FFD2 = {
			isa = PBXGroup;
			children = (
				189C4ADF1FF56FAD0015FFD2 /* Tip Calculator */,
				189C4AF41FF56FAD0015FFD2 /* Tip CalculatorTests */,
				189C4AFF1FF56FAD0015FFD2 /* Tip CalculatorUITests */,
				189C4ADE1FF56FAD0015FFD2 /* Products */,
			);
			sourceTree = "<group>";
		};
		189C4ADE1FF56FAD0015FFD2 /* Products */ = {
			isa = PBXGroup;
			children = (
				189C4ADD1FF56FAD0015FFD2 /* Tip Calculator.app */,
				189C4AF11FF56FAD0015FFD2 /* Tip CalculatorTests.xctest */,
				189C4AFC1FF56FAD0015FFD2 /* Tip CalculatorUITests.xctest */,
			);
			name = Products;
			sourceTree = "<group>";
		};
		189C4ADF1FF56FAD0015FFD2 /* Tip Calculator */ = {
			isa = PBXGroup;
			children = (
				189C4AE01FF56FAD0015FFD2 /* AppDelegate.swift */,
				189C4AE21FF56FAD0015FFD2 /* ViewController.swift */,
				189C4AE41FF56FAD0015FFD2 /* Main.storyboard */,
				189C4AE71FF56FAD0015FFD2 /* Assets.xcassets */,
				189C4AE91FF56FAD0015FFD2 /* LaunchScreen.storyboard */,
				189C4AEC1FF56FAD0015FFD2 /* Info.plist */,
			);
			path = "Tip Calculator";
			sourceTree = "<group>";
		};
		189C4AF41FF56FAD0015FFD2 /* Tip CalculatorTests */ = {
			isa = PBXGroup;
			children = (
				189C4AF51FF56FAD0015FFD2 /* Tip_CalculatorTests.swift */,
				189C4AF71FF56FAD0015FFD2 /* Info.plist */,
			);
			path = "Tip CalculatorTests";
			sourceTree = "<group>";
		};
		189C4AFF1FF56FAD0015FFD2 /* Tip CalculatorUITests */ = {
			isa = PBXGroup;
			children = (
				189C4B001FF56FAD0015FFD2 /* Tip_CalculatorUITests.swift */,
				189C4B021FF56FAD0015FFD2 /* Info.plist */,
			);
			path = "Tip CalculatorUITests";
			sourceTree = "<group>";
		};
/* End PBXGroup section */

/* Begin PBXNativeTarget section */
		189C4ADC1FF56FAD0015FFD2 /* Tip Calculator */ = {
			isa = PBXNativeTarget;
			buildConfigurationList = 189C4B051FF56FAD0015FFD2 /* Build configuration list for PBXNativeTarget "Tip Calculator" */;
			buildPhases = (
				189C4AD91FF56FAD0015FFD2 /* Sources */,
				189C4ADA1FF56FAD0015FFD2 /* Frameworks */,
				189C4ADB1FF56FAD0015FFD2 /* Resources */,
			);
			buildRules = (
			);
			dependencies = (
			);
			name = "Tip Calculator";
			productName = "Tip Calculator";
			productReference = 189C4ADD1FF56FAD0015FFD2 /* Tip Calculator.app */;
			productType = "com.apple.product-type.application";
		};
		189C4AF01FF56FAD0015FFD2 /* Tip CalculatorTests */ = {
			isa = PBXNativeTarget;
			buildConfigurationList = 189C4B081FF56FAD0015FFD2 /* Build configuration list for PBXNativeTarget "Tip CalculatorTests" */;
			buildPhases = (
				189C4AED1FF56FAD0015FFD2 /* Sources */,
				189C4AEE1FF56FAD0015FFD2 /* Frameworks */,
				189C4AEF1FF56FAD0015FFD2 /* Resources */,
			);
			buildRules = (
			);
			dependencies = (
				189C4AF31FF56FAD0015FFD2 /* PBXTargetDependency */,
			);
			name = "Tip CalculatorTests";
			productName = "Tip CalculatorTests";
			productReference = 189C4AF11FF56FAD0015FFD2 /* Tip CalculatorTests.xctest */;
			productType = "com.apple.product-type.bundle.unit-test";
		};
		189C4AFB1FF56FAD0015FFD2 /* Tip CalculatorUITests */ = {
			isa = PBXNativeTarget;
			buildConfigurationList = 189C4B0B1FF56FAD0015FFD2 /* Build configuration list for PBXNativeTarget "Tip CalculatorUITests" */;
			buildPhases = (
				189C4AF81FF56FAD0015FFD2 /* Sources */,
				189C4AF91FF56FAD0015FFD2 /* Frameworks */,
				189C4AFA1FF56FAD0015FFD2 /* Resources */,
			);
			buildRules = (
			);
			dependencies = (
				189C4AFE1FF56FAD0015FFD2 /* PBXTargetDependency */,
			);
			name = "Tip CalculatorUITests";
			productName = "Tip CalculatorUITests";
			productReference = 189C4AFC1FF56FAD0015FFD2 /* Tip CalculatorUITests.xctest */;
			productType = "com.apple.product-type.bundle.ui-testing";
		};
/* End PBXNativeTarget section */

/* Begin PBXProject section */
		189C4AD51FF56FAD0015FFD2 /* Project object */ = {
			isa = PBXProject;
			attributes = {
				LastSwiftUpdateCheck = 0920;
				LastUpgradeCheck = 0920;
				ORGANIZATIONNAME = "Kirstyn Natavio";
				TargetAttributes = {
					189C4ADC1FF56FAD0015FFD2 = {
						CreatedOnToolsVersion = 9.2;
						ProvisioningStyle = Automatic;
					};
					189C4AF01FF56FAD0015FFD2 = {
						CreatedOnToolsVersion = 9.2;
						ProvisioningStyle = Automatic;
						TestTargetID = 189C4ADC1FF56FAD0015FFD2;
					};
					189C4AFB1FF56FAD0015FFD2 = {
						CreatedOnToolsVersion = 9.2;
						ProvisioningStyle = Automatic;
						TestTargetID = 189C4ADC1FF56FAD0015FFD2;
					};
				};
			};
			buildConfigurationList = 189C4AD81FF56FAD0015FFD2 /* Build configuration list for PBXProject "Tip Calculator" */;
			compatibilityVersion = "Xcode 8.0";
			developmentRegion = en;
			hasScannedForEncodings = 0;
			knownRegions = (
				en,
				Base,
			);
			mainGroup = 189C4AD41FF56FAD0015FFD2;
			productRefGroup = 189C4ADE1FF56FAD0015FFD2 /* Products */;
			projectDirPath = "";
			projectRoot = "";
			targets = (
				189C4ADC1FF56FAD0015FFD2 /* Tip Calculator */,
				189C4AF01FF56FAD0015FFD2 /* Tip CalculatorTests */,
				189C4AFB1FF56FAD0015FFD2 /* Tip CalculatorUITests */,
			);
		};
/* End PBXProject section */

/* Begin PBXResourcesBuildPhase section */
		189C4ADB1FF56FAD0015FFD2 /* Resources */ = {
			isa = PBXResourcesBuildPhase;
			buildActionMask = 2147483647;
			files = (
				189C4AEB1FF56FAD0015FFD2 /* LaunchScreen.storyboard in Resources */,
				189C4AE81FF56FAD0015FFD2 /* Assets.xcassets in Resources */,
				189C4AE61FF56FAD0015FFD2 /* Main.storyboard in Resources */,
			);
			runOnlyForDeploymentPostprocessing = 0;
		};
		189C4AEF1FF56FAD0015FFD2 /* Resources */ = {
			isa = PBXResourcesBuildPhase;
			buildActionMask = 2147483647;
			files = (
			);
			runOnlyForDeploymentPostprocessing = 0;
		};
		189C4AFA1FF56FAD0015FFD2 /* Resources */ = {
			isa = PBXResourcesBuildPhase;
			buildActionMask = 2147483647;
			files = (
			);
			runOnlyForDeploymentPostprocessing = 0;
		};
/* End PBXResourcesBuildPhase section */

/* Begin PBXSourcesBuildPhase section */
		189C4AD91FF56FAD0015FFD2 /* Sources */ = {
			isa = PBXSourcesBuildPhase;
			buildActionMask = 2147483647;
			files = (
				189C4AE31FF56FAD0015FFD2 /* ViewController.swift in Sources */,
				189C4AE11FF56FAD0015FFD2 /* AppDelegate.swift in Sources */,
			);
			runOnlyForDeploymentPostprocessing = 0;
		};
		189C4AED1FF56FAD0015FFD2 /* Sources */ = {
			isa = PBXSourcesBuildPhase;
			buildActionMask = 2147483647;
			files = (
				189C4AF61FF56FAD0015FFD2 /* Tip_CalculatorTests.swift in Sources */,
			);
			runOnlyForDeploymentPostprocessing = 0;
		};
		189C4AF81FF56FAD0015FFD2 /* Sources */ = {
			isa = PBXSourcesBuildPhase;
			buildActionMask = 2147483647;
			files = (
				189C4B011FF56FAD0015FFD2 /* Tip_CalculatorUITests.swift in Sources */,
			);
			runOnlyForDeploymentPostprocessing = 0;
		};
/* End PBXSourcesBuildPhase section */

/* Begin PBXTargetDependency section */
		189C4AF31FF56FAD0015FFD2 /* PBXTargetDependency */ = {
			isa = PBXTargetDependency;
			target = 189C4ADC1FF56FAD0015FFD2 /* Tip Calculator */;
			targetProxy = 189C4AF21FF56FAD0015FFD2 /* PBXContainerItemProxy */;
		};
		189C4AFE1FF56FAD0015FFD2 /* PBXTargetDependency */ = {
			isa = PBXTargetDependency;
			target = 189C4ADC1FF56FAD0015FFD2 /* Tip Calculator */;
			targetProxy = 189C4AFD1FF56FAD0015FFD2 /* PBXContainerItemProxy */;
		};
/* End PBXTargetDependency section */

/* Begin PBXVariantGroup section */
		189C4AE41FF56FAD0015FFD2 /* Main.storyboard */ = {
			isa = PBXVariantGroup;
			children = (
				189C4AE51FF56FAD0015FFD2 /* Base */,
			);
			name = Main.storyboard;
			sourceTree = "<group>";
		};
		189C4AE91FF56FAD0015FFD2 /* LaunchScreen.storyboard */ = {
			isa = PBXVariantGroup;
			children = (
				189C4AEA1FF56FAD0015FFD2 /* Base */,
			);
			name = LaunchScreen.storyboard;
			sourceTree = "<group>";
		};
/* End PBXVariantGroup section */

/* Begin XCBuildConfiguration section */
		189C4B031FF56FAD0015FFD2 /* Debug */ = {
			isa = XCBuildConfiguration;
			buildSettings = {
				ALWAYS_SEARCH_USER_PATHS = NO;
				CLANG_ANALYZER_NONNULL = YES;
				CLANG_ANALYZER_NUMBER_OBJECT_CONVERSION = YES_AGGRESSIVE;
				CLANG_CXX_LANGUAGE_STANDARD = "gnu++14";
				CLANG_CXX_LIBRARY = "libc++";
				CLANG_ENABLE_MODULES = YES;
				CLANG_ENABLE_OBJC_ARC = YES;
				CLANG_WARN_BLOCK_CAPTURE_AUTORELEASING = YES;
				CLANG_WARN_BOOL_CONVERSION = YES;
				CLANG_WARN_COMMA = YES;
				CLANG_WARN_CONSTANT_CONVERSION = YES;
				CLANG_WARN_DIRECT_OBJC_ISA_USAGE = YES_ERROR;
				CLANG_WARN_DOCUMENTATION_COMMENTS = YES;
				CLANG_WARN_EMPTY_BODY = YES;
				CLANG_WARN_ENUM_CONVERSION = YES;
				CLANG_WARN_INFINITE_RECURSION = YES;
				CLANG_WARN_INT_CONVERSION = YES;
				CLANG_WARN_NON_LITERAL_NULL_CONVERSION = YES;
				CLANG_WARN_OBJC_LITERAL_CONVERSION = YES;
				CLANG_WARN_OBJC_ROOT_CLASS = YES_ERROR;
				CLANG_WARN_RANGE_LOOP_ANALYSIS = YES;
				CLANG_WARN_STRICT_PROTOTYPES = YES;
				CLANG_WARN_SUSPICIOUS_MOVE = YES;
				CLANG_WARN_UNGUARDED_AVAILABILITY = YES_AGGRESSIVE;
				CLANG_WARN_UNREACHABLE_CODE = YES;
				CLANG_WARN__DUPLICATE_METHOD_MATCH = YES;
				CODE_SIGN_IDENTITY = "iPhone Developer";
				COPY_PHASE_STRIP = NO;
				DEBUG_INFORMATION_FORMAT = dwarf;
				ENABLE_STRICT_OBJC_MSGSEND = YES;
				ENABLE_TESTABILITY = YES;
				GCC_C_LANGUAGE_STANDARD = gnu11;
				GCC_DYNAMIC_NO_PIC = NO;
				GCC_NO_COMMON_BLOCKS = YES;
				GCC_OPTIMIZATION_LEVEL = 0;
				GCC_PREPROCESSOR_DEFINITIONS = (
					"DEBUG=1",
					"$(inherited)",
				);
				GCC_WARN_64_TO_32_BIT_CONVERSION = YES;
				GCC_WARN_ABOUT_RETURN_TYPE = YES_ERROR;
				GCC_WARN_UNDECLARED_SELECTOR = YES;
				GCC_WARN_UNINITIALIZED_AUTOS = YES_AGGRESSIVE;
				GCC_WARN_UNUSED_FUNCTION = YES;
				GCC_WARN_UNUSED_VARIABLE = YES;
				IPHONEOS_DEPLOYMENT_TARGET = 11.2;
				MTL_ENABLE_DEBUG_INFO = YES;
				ONLY_ACTIVE_ARCH = YES;
				SDKROOT = iphoneos;
				SWIFT_ACTIVE_COMPILATION_CONDITIONS = DEBUG;
				SWIFT_OPTIMIZATION_LEVEL = "-Onone";
			};
			name = Debug;
		};
		189C4B041FF56FAD0015FFD2 /* Release */ = {
			isa = XCBuildConfiguration;
			buildSettings = {
				ALWAYS_SEARCH_USER_PATHS = NO;
				CLANG_ANALYZER_NONNULL = YES;
				CLANG_ANALYZER_NUMBER_OBJECT_CONVERSION = YES_AGGRESSIVE;
				CLANG_CXX_LANGUAGE_STANDARD = "gnu++14";
				CLANG_CXX_LIBRARY = "libc++";
				CLANG_ENABLE_MODULES = YES;
				CLANG_ENABLE_OBJC_ARC = YES;
				CLANG_WARN_BLOCK_CAPTURE_AUTORELEASING = YES;
				CLANG_WARN_BOOL_CONVERSION = YES;
				CLANG_WARN_COMMA = YES;
				CLANG_WARN_CONSTANT_CONVERSION = YES;
				CLANG_WARN_DIRECT_OBJC_ISA_USAGE = YES_ERROR;
				CLANG_WARN_DOCUMENTATION_COMMENTS = YES;
				CLANG_WARN_EMPTY_BODY = YES;
				CLANG_WARN_ENUM_CONVERSION = YES;
				CLANG_WARN_INFINITE_RECURSION = YES;
				CLANG_WARN_INT_CONVERSION = YES;
				CLANG_WARN_NON_LITERAL_NULL_CONVERSION = YES;
				CLANG_WARN_OBJC_LITERAL_CONVERSION = YES;
				CLANG_WARN_OBJC_ROOT_CLASS = YES_ERROR;
				CLANG_WARN_RANGE_LOOP_ANALYSIS = YES;
				CLANG_WARN_STRICT_PROTOTYPES = YES;
				CLANG_WARN_SUSPICIOUS_MOVE = YES;
				CLANG_WARN_UNGUARDED_AVAILABILITY = YES_AGGRESSIVE;
				CLANG_WARN_UNREACHABLE_CODE = YES;
				CLANG_WARN__DUPLICATE_METHOD_MATCH = YES;
				CODE_SIGN_IDENTITY = "iPhone Developer";
				COPY_PHASE_STRIP = NO;
				DEBUG_INFORMATION_FORMAT = "dwarf-with-dsym";
				ENABLE_NS_ASSERTIONS = NO;
				ENABLE_STRICT_OBJC_MSGSEND = YES;
				GCC_C_LANGUAGE_STANDARD = gnu11;
				GCC_NO_COMMON_BLOCKS = YES;
				GCC_WARN_64_TO_32_BIT_CONVERSION = YES;
				GCC_WARN_ABOUT_RETURN_TYPE = YES_ERROR;
				GCC_WARN_UNDECLARED_SELECTOR = YES;
				GCC_WARN_UNINITIALIZED_AUTOS = YES_AGGRESSIVE;
				GCC_WARN_UNUSED_FUNCTION = YES;
				GCC_WARN_UNUSED_VARIABLE = YES;
				IPHONEOS_DEPLOYMENT_TARGET = 11.2;
				MTL_ENABLE_DEBUG_INFO = NO;
				SDKROOT = iphoneos;
				SWIFT_OPTIMIZATION_LEVEL = "-Owholemodule";
				VALIDATE_PRODUCT = YES;
			};
			name = Release;
		};
		189C4B061FF56FAD0015FFD2 /* Debug */ = {
			isa = XCBuildConfiguration;
			buildSettings = {
				ASSETCATALOG_COMPILER_APPICON_NAME = AppIcon;
				CODE_SIGN_STYLE = Automatic;
				INFOPLIST_FILE = "Tip Calculator/Info.plist";
				IPHONEOS_DEPLOYMENT_TARGET = 9.3;
				LD_RUNPATH_SEARCH_PATHS = "$(inherited) @executable_path/Frameworks";
				PRODUCT_BUNDLE_IDENTIFIER = "CodePath.Tip-Calculator";
				PRODUCT_NAME = "$(TARGET_NAME)";
				SWIFT_VERSION = 4.0;
				TARGETED_DEVICE_FAMILY = 1;
			};
			name = Debug;
		};
		189C4B071FF56FAD0015FFD2 /* Release */ = {
			isa = XCBuildConfiguration;
			buildSettings = {
				ASSETCATALOG_COMPILER_APPICON_NAME = AppIcon;
				CODE_SIGN_STYLE = Automatic;
				INFOPLIST_FILE = "Tip Calculator/Info.plist";
				IPHONEOS_DEPLOYMENT_TARGET = 9.3;
				LD_RUNPATH_SEARCH_PATHS = "$(inherited) @executable_path/Frameworks";
				PRODUCT_BUNDLE_IDENTIFIER = "CodePath.Tip-Calculator";
				PRODUCT_NAME = "$(TARGET_NAME)";
				SWIFT_VERSION = 4.0;
				TARGETED_DEVICE_FAMILY = 1;
			};
			name = Release;
		};
		189C4B091FF56FAD0015FFD2 /* Debug */ = {
			isa = XCBuildConfiguration;
			buildSettings = {
				ALWAYS_EMBED_SWIFT_STANDARD_LIBRARIES = YES;
				BUNDLE_LOADER = "$(TEST_HOST)";
				CODE_SIGN_STYLE = Automatic;
				INFOPLIST_FILE = "Tip CalculatorTests/Info.plist";
				LD_RUNPATH_SEARCH_PATHS = "$(inherited) @executable_path/Frameworks @loader_path/Frameworks";
				PRODUCT_BUNDLE_IDENTIFIER = "CodePath.Tip-CalculatorTests";
				PRODUCT_NAME = "$(TARGET_NAME)";
				SWIFT_VERSION = 4.0;
				TARGETED_DEVICE_FAMILY = "1,2";
				TEST_HOST = "$(BUILT_PRODUCTS_DIR)/Tip Calculator.app/Tip Calculator";
			};
			name = Debug;
		};
		189C4B0A1FF56FAD0015FFD2 /* Release */ = {
			isa = XCBuildConfiguration;
			buildSettings = {
				ALWAYS_EMBED_SWIFT_STANDARD_LIBRARIES = YES;
				BUNDLE_LOADER = "$(TEST_HOST)";
				CODE_SIGN_STYLE = Automatic;
				INFOPLIST_FILE = "Tip CalculatorTests/Info.plist";
				LD_RUNPATH_SEARCH_PATHS = "$(inherited) @executable_path/Frameworks @loader_path/Frameworks";
				PRODUCT_BUNDLE_IDENTIFIER = "CodePath.Tip-CalculatorTests";
				PRODUCT_NAME = "$(TARGET_NAME)";
				SWIFT_VERSION = 4.0;
				TARGETED_DEVICE_FAMILY = "1,2";
				TEST_HOST = "$(BUILT_PRODUCTS_DIR)/Tip Calculator.app/Tip Calculator";
			};
			name = Release;
		};
		189C4B0C1FF56FAD0015FFD2 /* Debug */ = {
			isa = XCBuildConfiguration;
			buildSettings = {
				ALWAYS_EMBED_SWIFT_STANDARD_LIBRARIES = YES;
				CODE_SIGN_STYLE = Automatic;
				INFOPLIST_FILE = "Tip CalculatorUITests/Info.plist";
				LD_RUNPATH_SEARCH_PATHS = "$(inherited) @executable_path/Frameworks @loader_path/Frameworks";
				PRODUCT_BUNDLE_IDENTIFIER = "CodePath.Tip-CalculatorUITests";
				PRODUCT_NAME = "$(TARGET_NAME)";
				SWIFT_VERSION = 4.0;
				TARGETED_DEVICE_FAMILY = "1,2";
				TEST_TARGET_NAME = "Tip Calculator";
			};
			name = Debug;
		};
		189C4B0D1FF56FAD0015FFD2 /* Release */ = {
			isa = XCBuildConfiguration;
			buildSettings = {
				ALWAYS_EMBED_SWIFT_STANDARD_LIBRARIES = YES;
				CODE_SIGN_STYLE = Automatic;
				INFOPLIST_FILE = "Tip CalculatorUITests/Info.plist";
				LD_RUNPATH_SEARCH_PATHS = "$(inherited) @executable_path/Frameworks @loader_path/Frameworks";
				PRODUCT_BUNDLE_IDENTIFIER = "CodePath.Tip-CalculatorUITests";
				PRODUCT_NAME = "$(TARGET_NAME)";
				SWIFT_VERSION = 4.0;
				TARGETED_DEVICE_FAMILY = "1,2";
				TEST_TARGET_NAME = "Tip Calculator";
			};
			name = Release;
		};
/* End XCBuildConfiguration section */

/* Begin XCConfigurationList section */
		189C4AD81FF56FAD0015FFD2 /* Build configuration list for PBXProject "Tip Calculator" */ = {
			isa = XCConfigurationList;
			buildConfigurations = (
				189C4B031FF56FAD0015FFD2 /* Debug */,
				189C4B041FF56FAD0015FFD2 /* Release */,
			);
			defaultConfigurationIsVisible = 0;
			defaultConfigurationName = Release;
		};
		189C4B051FF56FAD0015FFD2 /* Build configuration list for PBXNativeTarget "Tip Calculator" */ = {
			isa = XCConfigurationList;
			buildConfigurations = (
				189C4B061FF56FAD0015FFD2 /* Debug */,
				189C4B071FF56FAD0015FFD2 /* Release */,
			);
			defaultConfigurationIsVisible = 0;
			defaultConfigurationName = Release;
		};
		189C4B081FF56FAD0015FFD2 /* Build configuration list for PBXNativeTarget "Tip CalculatorTests" */ = {
			isa = XCConfigurationList;
			buildConfigurations = (
				189C4B091FF56FAD0015FFD2 /* Debug */,
				189C4B0A1FF56FAD0015FFD2 /* Release */,
			);
			defaultConfigurationIsVisible = 0;
			defaultConfigurationName = Release;
		};
		189C4B0B1FF56FAD0015FFD2 /* Build configuration list for PBXNativeTarget "Tip CalculatorUITests" */ = {
			isa = XCConfigurationList;
			buildConfigurations = (
				189C4B0C1FF56FAD0015FFD2 /* Debug */,
				189C4B0D1FF56FAD0015FFD2 /* Release */,
			);
			defaultConfigurationIsVisible = 0;
			defaultConfigurationName = Release;
		};
/* End XCConfigurationList section */
	};
	rootObject = 189C4AD51FF56FAD0015FFD2 /* Project object */;
}
